<?xml version="1.0" encoding="utf-8"?>
<Project ToolsVersion="4.0" xmlns="http://schemas.microsoft.com/developer/msbuild/2003">
  <ItemGroup>
    <Filter Include="Zdrojové soubory">
      <UniqueIdentifier>{4FC737F1-C7A5-4376-A066-2A32D752A2FF}</UniqueIdentifier>
      <Extensions>cpp;c;cc;cxx;c++;cppm;ixx;def;odl;idl;hpj;bat;asm;asmx</Extensions>
    </Filter>
    <Filter Include="Hlavičkové soubory">
      <UniqueIdentifier>{93995380-89BD-4b04-88EB-625FBE52EBFB}</UniqueIdentifier>
      <Extensions>h;hh;hpp;hxx;h++;hm;inl;inc;ipp;xsd</Extensions>
    </Filter>
    <Filter Include="Soubory zdrojů">
      <UniqueIdentifier>{67DA6AB6-F800-4c08-8B7A-83BB121AAD01}</UniqueIdentifier>
      <Extensions>rc;ico;cur;bmp;dlg;rc2;rct;bin;rgs;gif;jpg;jpeg;jpe;resx;tiff;tif;png;wav;mfcribbon-ms</Extensions>
    </Filter>
  </ItemGroup>
  <ItemGroup>
    <ClCompile Include="main.cpp">
      <Filter>Soubory zdrojů</Filter>
    </ClCompile>
    <ClCompile Include="library\ConvertUTF.c">
      <Filter>Zdrojové soubory</Filter>
    </ClCompile>
  </ItemGroup>
  <ItemGroup>
    <ClInclude Include="debugConsole.h">
      <Filter>Hlavičkové soubory</Filter>
    </ClInclude>
    <ClInclude Include="settWin.h">
      <Filter>Hlavičkové soubory</Filter>
    </ClInclude>
    <ClInclude Include="calcWin.h">
      <Filter>Hlavičkové soubory</Filter>
    </ClInclude>
    <ClInclude Include="SettingsObject.h">
      <Filter>Hlavičkové soubory</Filter>
    </ClInclude>
    <ClInclude Include="calcualtionAlg.h">
      <Filter>Hlavičkové soubory</Filter>
    </ClInclude>
    <ClInclude Include="library\ini.h">
      <Filter>Hlavičkové soubory</Filter>
    </ClInclude>
    <ClInclude Include="library\ConvertUTF.h">
      <Filter>Hlavičkové soubory</Filter>
    </ClInclude>
    <ClInclude Include="library\SimpleIni.h">
      <Filter>Hlavičkové soubory</Filter>
    </ClInclude>
    <ClInclude Include="Controler.h">
      <Filter>Hlavičkové soubory</Filter>
    </ClInclude>
    <ClInclude Include="LineSeparator.h">
      <Filter>Hlavičkové soubory</Filter>
    </ClInclude>
    <ClInclude Include="library\exprtk.h">
      <Filter>Hlavičkové soubory</Filter>
    </ClInclude>
    <ClInclude Include="library\exprtk.hpp">
      <Filter>Hlavičkové soubory</Filter>
    </ClInclude>
    <ClInclude Include="ui\inputElements.js">
      <Filter>Hlavičkové soubory</Filter>
    </ClInclude>
    <ClInclude Include="variableLoader.h">
      <Filter>Hlavičkové soubory</Filter>
    </ClInclude>
    <ClInclude Include="ttmath\ttmath.h">
      <Filter>Hlavičkové soubory</Filter>
    </ClInclude>
    <ClInclude Include="ttmath\ttmathbig.h">
      <Filter>Hlavičkové soubory</Filter>
    </ClInclude>
    <ClInclude Include="ttmath\ttmathdec.h">
      <Filter>Hlavičkové soubory</Filter>
    </ClInclude>
    <ClInclude Include="ttmath\ttmathint.h">
      <Filter>Hlavičkové soubory</Filter>
    </ClInclude>
    <ClInclude Include="ttmath\ttmathmisc.h">
      <Filter>Hlavičkové soubory</Filter>
    </ClInclude>
    <ClInclude Include="ttmath\ttmathobjects.h">
      <Filter>Hlavičkové soubory</Filter>
    </ClInclude>
    <ClInclude Include="ttmath\ttmathparser.h">
      <Filter>Hlavičkové soubory</Filter>
    </ClInclude>
    <ClInclude Include="ttmath\ttmaththreads.h">
      <Filter>Hlavičkové soubory</Filter>
    </ClInclude>
    <ClInclude Include="ttmath\ttmathtypes.h">
      <Filter>Hlavičkové soubory</Filter>
    </ClInclude>
    <ClInclude Include="ttmath\ttmathuint.h">
      <Filter>Hlavičkové soubory</Filter>
    </ClInclude>
    <ClInclude Include="ttmath\ttmathuint_noasm.h">
      <Filter>Hlavičkové soubory</Filter>
    </ClInclude>
    <ClInclude Include="ttmath\ttmathuint_x86.h">
      <Filter>Hlavičkové soubory</Filter>
    </ClInclude>
    <ClInclude Include="ttmath\ttmathuint_x86_64.h">
      <Filter>Hlavičkové soubory</Filter>
    </ClInclude>
    <ClInclude Include="ObjectDefinitions.h">
      <Filter>Hlavičkové soubory</Filter>
    </ClInclude>
    <ClInclude Include="netUpdater.h">
      <Filter>Hlavičkové soubory</Filter>
    </ClInclude>
    <ClInclude Include="resource1.h">
      <Filter>Hlavičkové soubory</Filter>
    </ClInclude>
  </ItemGroup>
  <ItemGroup>
    <None Include="ui\calculator.htm" />
    <None Include="ui\settings.htm" />
    <None Include="ui\settings.css" />
    <None Include="ui\tooltipsAndMenuButtons.js" />
    <None Include="ui\colorPicker.js" />
    <None Include="ttmath\ttmathuint_x86_64_msvc.asm">
      <Filter>Zdrojové soubory</Filter>
    </None>
    <None Include="ttmath\win64_assemble.bat">
      <Filter>Zdrojové soubory</Filter>
    </None>
    <None Include="ui\src\add.svg" />
    <None Include="ui\src\add-variable.svg" />
    <None Include="ui\src\close.svg" />
    <None Include="ui\src\color-palette.svg" />
    <None Include="ui\src\feedback.svg" />
    <None Include="ui\src\filter.svg" />
    <None Include="ui\src\functions.svg" />
    <None Include="ui\src\gear.svg" />
    <None Include="ui\src\info.svg" />
    <None Include="ui\src\keyboard.svg" />
    <None Include="ui\src\menu.svg" />
    <None Include="ui\src\minimalize.svg" />
    <None Include="ui\src\pen.svg" />
    <None Include="ui\src\pin.svg" />
    <None Include="ui\src\refresh.svg" />
    <None Include="ui\src\save.svg" />
    <None Include="ui\src\switch.svg" />
    <None Include="ui\src\trash.svg" />
    <None Include="ui\src\unpin.svg" />
    <None Include="ui\src\update.svg" />
    <None Include="ui\src\variable.svg" />
    <None Include="ui\variables.js" />
  </ItemGroup>
  <ItemGroup>
    <Font Include="ui\src\inria-sans.otf" />
    <Font Include="ui\src\inria-sans-bold.otf" />
  </ItemGroup>
  <ItemGroup>
    <Image Include="ui\icon.ico">
      <Filter>Soubory zdrojů</Filter>
    </Image>
    <Image Include="ui\icon2.ico">
      <Filter>Soubory zdrojů</Filter>
    </Image>
    <Image Include="ui\iconSmall.ico">
      <Filter>Soubory zdrojů</Filter>
    </Image>
    <Image Include="ui\src\left-arrow.png">
      <Filter>Soubory zdrojů</Filter>
    </Image>
    <Image Include="ui\src\right-arrow.png">
      <Filter>Soubory zdrojů</Filter>
    </Image>
    <Image Include="ui\src\switch.png">
      <Filter>Soubory zdrojů</Filter>
    </Image>
    <Image Include="ui\src\transpa.png">
      <Filter>Soubory zdrojů</Filter>
    </Image>
  </ItemGroup>
  <ItemGroup>
    <Text Include="poznámky.txt" />
  </ItemGroup>
  <ItemGroup>
    <Object Include="ttmath\ttmathuint_x86_64_msvc.obj" />
  </ItemGroup>
  <ItemGroup>
    <ResourceCompile Include="NoteCaliSciter.rc">
      <Filter>Soubory zdrojů</Filter>
    </ResourceCompile>
  </ItemGroup>
</Project>